// !$*UTF8*$!
{
	archiveVersion = 1;
	classes = {
	};
	objectVersion = 56;
	objects = {

/* Begin PBXBuildFile section */
		D20640C52ADE85A400CACFC6 /* FitcastApp.swift in Sources */ = {isa = PBXBuildFile; fileRef = D20640C42ADE85A400CACFC6 /* FitcastApp.swift */; };
		D20640C72ADE85A400CACFC6 /* ContentView.swift in Sources */ = {isa = PBXBuildFile; fileRef = D20640C62ADE85A400CACFC6 /* ContentView.swift */; };
		D20640C92ADE85A600CACFC6 /* Assets.xcassets in Resources */ = {isa = PBXBuildFile; fileRef = D20640C82ADE85A600CACFC6 /* Assets.xcassets */; };
		D20640CC2ADE85A600CACFC6 /* Preview Assets.xcassets in Resources */ = {isa = PBXBuildFile; fileRef = D20640CB2ADE85A600CACFC6 /* Preview Assets.xcassets */; };
		D21A61972B8F376300343161 /* FitcastLocation.swift in Sources */ = {isa = PBXBuildFile; fileRef = D282C9742B74DA980050CA36 /* FitcastLocation.swift */; };
		D2458F0F2B723003001AAFEB /* ListView.swift in Sources */ = {isa = PBXBuildFile; fileRef = D2458F0E2B723003001AAFEB /* ListView.swift */; };
		D2564F4C2B24728A00598E00 /* SwiftUI.framework in Frameworks */ = {isa = PBXBuildFile; fileRef = D23CCDB22B021006009BD5CD /* SwiftUI.framework */; };
		D2564F4F2B24728C00598E00 /* WidgetKit.framework in Frameworks */ = {isa = PBXBuildFile; fileRef = D23CCDB02B021006009BD5CD /* WidgetKit.framework */; };
		D282C9752B74DA980050CA36 /* FitcastLocation.swift in Sources */ = {isa = PBXBuildFile; fileRef = D282C9742B74DA980050CA36 /* FitcastLocation.swift */; };
		D28F345B2AEAA75A008BCEE3 /* FitcastManager.swift in Sources */ = {isa = PBXBuildFile; fileRef = D28F345A2AEAA75A008BCEE3 /* FitcastManager.swift */; };
		D28F345D2AEAAB4B008BCEE3 /* ForecastInfo.swift in Sources */ = {isa = PBXBuildFile; fileRef = D28F345C2AEAAB4B008BCEE3 /* ForecastInfo.swift */; };
		D2B6A0012B946F9800192F53 /* LocationSearchService.swift in Sources */ = {isa = PBXBuildFile; fileRef = D2B6A0002B946F9800192F53 /* LocationSearchService.swift */; };
		D2C593722B234EA90007A2F3 /* FitcastWidgetBundle.swift in Sources */ = {isa = PBXBuildFile; fileRef = D2C593712B234EA90007A2F3 /* FitcastWidgetBundle.swift */; };
		D2C593742B234EA90007A2F3 /* FitcastWidget.swift in Sources */ = {isa = PBXBuildFile; fileRef = D2C593732B234EA90007A2F3 /* FitcastWidget.swift */; };
		D2C593762B234EA90007A2F3 /* AppIntent.swift in Sources */ = {isa = PBXBuildFile; fileRef = D2C593752B234EA90007A2F3 /* AppIntent.swift */; };
		D2C593782B234EAB0007A2F3 /* Assets.xcassets in Resources */ = {isa = PBXBuildFile; fileRef = D2C593772B234EAB0007A2F3 /* Assets.xcassets */; };
		D2C5937C2B234EAB0007A2F3 /* FitcastWidgetExtension.appex in Embed Foundation Extensions */ = {isa = PBXBuildFile; fileRef = D2C5936D2B234EA90007A2F3 /* FitcastWidgetExtension.appex */; settings = {ATTRIBUTES = (RemoveHeadersOnCopy, ); }; };
		D2C593822B234F280007A2F3 /* extensions.swift in Sources */ = {isa = PBXBuildFile; fileRef = D2E15B122B15F349002C609F /* extensions.swift */; };
		D2C9C1142B494453002DDE8C /* SearchView.swift in Sources */ = {isa = PBXBuildFile; fileRef = D2C9C1132B494453002DDE8C /* SearchView.swift */; };
		D2D9C2B72BD170B100AC8C24 /* WidgetLocationManager.swift in Sources */ = {isa = PBXBuildFile; fileRef = D2D9C2B62BD170B100AC8C24 /* WidgetLocationManager.swift */; };
		D2E15B132B15F349002C609F /* extensions.swift in Sources */ = {isa = PBXBuildFile; fileRef = D2E15B122B15F349002C609F /* extensions.swift */; };
/* End PBXBuildFile section */

/* Begin PBXContainerItemProxy section */
		D2C5937A2B234EAB0007A2F3 /* PBXContainerItemProxy */ = {
			isa = PBXContainerItemProxy;
			containerPortal = D20640B92ADE85A400CACFC6 /* Project object */;
			proxyType = 1;
			remoteGlobalIDString = D2C5936C2B234EA90007A2F3;
			remoteInfo = FitcastWidgetExtension;
		};
/* End PBXContainerItemProxy section */

/* Begin PBXCopyFilesBuildPhase section */
		D29EB73F2B231A93003D0A94 /* Embed Foundation Extensions */ = {
			isa = PBXCopyFilesBuildPhase;
			buildActionMask = 2147483647;
			dstPath = "";
			dstSubfolderSpec = 13;
			files = (
				D2C5937C2B234EAB0007A2F3 /* FitcastWidgetExtension.appex in Embed Foundation Extensions */,
			);
			name = "Embed Foundation Extensions";
			runOnlyForDeploymentPostprocessing = 0;
		};
/* End PBXCopyFilesBuildPhase section */

/* Begin PBXFileReference section */
		D20640C12ADE85A400CACFC6 /* Fitcast.app */ = {isa = PBXFileReference; explicitFileType = wrapper.application; includeInIndex = 0; path = Fitcast.app; sourceTree = BUILT_PRODUCTS_DIR; };
		D20640C42ADE85A400CACFC6 /* FitcastApp.swift */ = {isa = PBXFileReference; lastKnownFileType = sourcecode.swift; path = FitcastApp.swift; sourceTree = "<group>"; };
		D20640C62ADE85A400CACFC6 /* ContentView.swift */ = {isa = PBXFileReference; lastKnownFileType = sourcecode.swift; path = ContentView.swift; sourceTree = "<group>"; };
		D20640C82ADE85A600CACFC6 /* Assets.xcassets */ = {isa = PBXFileReference; lastKnownFileType = folder.assetcatalog; path = Assets.xcassets; sourceTree = "<group>"; };
		D20640CB2ADE85A600CACFC6 /* Preview Assets.xcassets */ = {isa = PBXFileReference; lastKnownFileType = folder.assetcatalog; path = "Preview Assets.xcassets"; sourceTree = "<group>"; };
		D20640D42ADE892100CACFC6 /* Fitcast.entitlements */ = {isa = PBXFileReference; lastKnownFileType = text.plist.entitlements; path = Fitcast.entitlements; sourceTree = "<group>"; };
		D23CCDB02B021006009BD5CD /* WidgetKit.framework */ = {isa = PBXFileReference; lastKnownFileType = wrapper.framework; name = WidgetKit.framework; path = System/Library/Frameworks/WidgetKit.framework; sourceTree = SDKROOT; };
		D23CCDB22B021006009BD5CD /* SwiftUI.framework */ = {isa = PBXFileReference; lastKnownFileType = wrapper.framework; name = SwiftUI.framework; path = System/Library/Frameworks/SwiftUI.framework; sourceTree = SDKROOT; };
		D2458F0E2B723003001AAFEB /* ListView.swift */ = {isa = PBXFileReference; lastKnownFileType = sourcecode.swift; path = ListView.swift; sourceTree = "<group>"; };
		D282C9742B74DA980050CA36 /* FitcastLocation.swift */ = {isa = PBXFileReference; lastKnownFileType = sourcecode.swift; path = FitcastLocation.swift; sourceTree = "<group>"; };
		D28F345A2AEAA75A008BCEE3 /* FitcastManager.swift */ = {isa = PBXFileReference; lastKnownFileType = sourcecode.swift; path = FitcastManager.swift; sourceTree = "<group>"; };
		D28F345C2AEAAB4B008BCEE3 /* ForecastInfo.swift */ = {isa = PBXFileReference; lastKnownFileType = sourcecode.swift; path = ForecastInfo.swift; sourceTree = "<group>"; };
		D2B6A0002B946F9800192F53 /* LocationSearchService.swift */ = {isa = PBXFileReference; lastKnownFileType = sourcecode.swift; name = LocationSearchService.swift; path = Fitcast/Model/LocationSearchService.swift; sourceTree = SOURCE_ROOT; };
		D2C5936D2B234EA90007A2F3 /* FitcastWidgetExtension.appex */ = {isa = PBXFileReference; explicitFileType = "wrapper.app-extension"; includeInIndex = 0; path = FitcastWidgetExtension.appex; sourceTree = BUILT_PRODUCTS_DIR; };
		D2C593712B234EA90007A2F3 /* FitcastWidgetBundle.swift */ = {isa = PBXFileReference; lastKnownFileType = sourcecode.swift; path = FitcastWidgetBundle.swift; sourceTree = "<group>"; };
		D2C593732B234EA90007A2F3 /* FitcastWidget.swift */ = {isa = PBXFileReference; lastKnownFileType = sourcecode.swift; path = FitcastWidget.swift; sourceTree = "<group>"; };
		D2C593752B234EA90007A2F3 /* AppIntent.swift */ = {isa = PBXFileReference; lastKnownFileType = sourcecode.swift; path = AppIntent.swift; sourceTree = "<group>"; };
		D2C593772B234EAB0007A2F3 /* Assets.xcassets */ = {isa = PBXFileReference; lastKnownFileType = folder.assetcatalog; path = Assets.xcassets; sourceTree = "<group>"; };
		D2C593792B234EAB0007A2F3 /* Info.plist */ = {isa = PBXFileReference; lastKnownFileType = text.plist.xml; path = Info.plist; sourceTree = "<group>"; };
		D2C593802B234F180007A2F3 /* FitcastWidgetExtension.entitlements */ = {isa = PBXFileReference; lastKnownFileType = text.plist.entitlements; path = FitcastWidgetExtension.entitlements; sourceTree = "<group>"; };
		D2C9C1132B494453002DDE8C /* SearchView.swift */ = {isa = PBXFileReference; lastKnownFileType = sourcecode.swift; path = SearchView.swift; sourceTree = "<group>"; };
		D2D9C2B62BD170B100AC8C24 /* WidgetLocationManager.swift */ = {isa = PBXFileReference; lastKnownFileType = sourcecode.swift; path = WidgetLocationManager.swift; sourceTree = "<group>"; };
		D2E15B122B15F349002C609F /* extensions.swift */ = {isa = PBXFileReference; lastKnownFileType = sourcecode.swift; path = extensions.swift; sourceTree = "<group>"; };
		D2F345A72AFA38D800CBE2F4 /* Info.plist */ = {isa = PBXFileReference; lastKnownFileType = text.plist.xml; path = Info.plist; sourceTree = "<group>"; };
/* End PBXFileReference section */

/* Begin PBXFrameworksBuildPhase section */
		D20640BE2ADE85A400CACFC6 /* Frameworks */ = {
			isa = PBXFrameworksBuildPhase;
			buildActionMask = 2147483647;
			files = (
			);
			runOnlyForDeploymentPostprocessing = 0;
		};
		D2C5936A2B234EA90007A2F3 /* Frameworks */ = {
			isa = PBXFrameworksBuildPhase;
			buildActionMask = 2147483647;
			files = (
				D2564F4C2B24728A00598E00 /* SwiftUI.framework in Frameworks */,
				D2564F4F2B24728C00598E00 /* WidgetKit.framework in Frameworks */,
			);
			runOnlyForDeploymentPostprocessing = 0;
		};
/* End PBXFrameworksBuildPhase section */

/* Begin PBXGroup section */
		D20640B82ADE85A400CACFC6 = {
			isa = PBXGroup;
			children = (
				D2C593802B234F180007A2F3 /* FitcastWidgetExtension.entitlements */,
				D20640C32ADE85A400CACFC6 /* Fitcast */,
				D2C593702B234EA90007A2F3 /* FitcastWidget */,
				D23CCDAF2B021006009BD5CD /* Frameworks */,
				D20640C22ADE85A400CACFC6 /* Products */,
			);
			sourceTree = "<group>";
		};
		D20640C22ADE85A400CACFC6 /* Products */ = {
			isa = PBXGroup;
			children = (
				D20640C12ADE85A400CACFC6 /* Fitcast.app */,
				D2C5936D2B234EA90007A2F3 /* FitcastWidgetExtension.appex */,
			);
			name = Products;
			sourceTree = "<group>";
		};
		D20640C32ADE85A400CACFC6 /* Fitcast */ = {
			isa = PBXGroup;
			children = (
				D20640D42ADE892100CACFC6 /* Fitcast.entitlements */,
				D2F345A72AFA38D800CBE2F4 /* Info.plist */,
				D20640C42ADE85A400CACFC6 /* FitcastApp.swift */,
				D21A61942B8F320D00343161 /* ViewModel */,
				D21A61922B8F31C100343161 /* View */,
				D21A61932B8F31DA00343161 /* Model */,
				D21A61952B8F321F00343161 /* SuporttingFiles */,
				D20640CA2ADE85A600CACFC6 /* Preview Content */,
			);
			path = Fitcast;
			sourceTree = "<group>";
		};
		D20640CA2ADE85A600CACFC6 /* Preview Content */ = {
			isa = PBXGroup;
			children = (
				D20640CB2ADE85A600CACFC6 /* Preview Assets.xcassets */,
			);
			path = "Preview Content";
			sourceTree = "<group>";
		};
		D21A61922B8F31C100343161 /* View */ = {
			isa = PBXGroup;
			children = (
				D20640C62ADE85A400CACFC6 /* ContentView.swift */,
				D2C9C1132B494453002DDE8C /* SearchView.swift */,
				D2458F0E2B723003001AAFEB /* ListView.swift */,
			);
			path = View;
			sourceTree = "<group>";
		};
		D21A61932B8F31DA00343161 /* Model */ = {
			isa = PBXGroup;
			children = (
				D282C9742B74DA980050CA36 /* FitcastLocation.swift */,
				D2B6A0002B946F9800192F53 /* LocationSearchService.swift */,
				D28F345C2AEAAB4B008BCEE3 /* ForecastInfo.swift */,
			);
			path = Model;
			sourceTree = "<group>";
		};
		D21A61942B8F320D00343161 /* ViewModel */ = {
			isa = PBXGroup;
			children = (
				D28F345A2AEAA75A008BCEE3 /* FitcastManager.swift */,
			);
			path = ViewModel;
			sourceTree = "<group>";
		};
		D21A61952B8F321F00343161 /* SuporttingFiles */ = {
			isa = PBXGroup;
			children = (
				D20640C82ADE85A600CACFC6 /* Assets.xcassets */,
				D2E15B122B15F349002C609F /* extensions.swift */,
			);
			path = SuporttingFiles;
			sourceTree = "<group>";
		};
		D23CCDAF2B021006009BD5CD /* Frameworks */ = {
			isa = PBXGroup;
			children = (
				D23CCDB02B021006009BD5CD /* WidgetKit.framework */,
				D23CCDB22B021006009BD5CD /* SwiftUI.framework */,
			);
			name = Frameworks;
			sourceTree = "<group>";
		};
		D2C593702B234EA90007A2F3 /* FitcastWidget */ = {
			isa = PBXGroup;
			children = (
				D2C593712B234EA90007A2F3 /* FitcastWidgetBundle.swift */,
				D2C593732B234EA90007A2F3 /* FitcastWidget.swift */,
				D2D9C2B62BD170B100AC8C24 /* WidgetLocationManager.swift */,
				D2C593752B234EA90007A2F3 /* AppIntent.swift */,
				D2C593772B234EAB0007A2F3 /* Assets.xcassets */,
				D2C593792B234EAB0007A2F3 /* Info.plist */,
			);
			path = FitcastWidget;
			sourceTree = "<group>";
		};
/* End PBXGroup section */

/* Begin PBXNativeTarget section */
		D20640C02ADE85A400CACFC6 /* Fitcast */ = {
			isa = PBXNativeTarget;
			buildConfigurationList = D20640CF2ADE85A600CACFC6 /* Build configuration list for PBXNativeTarget "Fitcast" */;
			buildPhases = (
				D20640BD2ADE85A400CACFC6 /* Sources */,
				D20640BE2ADE85A400CACFC6 /* Frameworks */,
				D20640BF2ADE85A400CACFC6 /* Resources */,
				D29EB73F2B231A93003D0A94 /* Embed Foundation Extensions */,
			);
			buildRules = (
			);
			dependencies = (
				D2C5937B2B234EAB0007A2F3 /* PBXTargetDependency */,
			);
			name = Fitcast;
			productName = WeatherFit;
			productReference = D20640C12ADE85A400CACFC6 /* Fitcast.app */;
			productType = "com.apple.product-type.application";
		};
		D2C5936C2B234EA90007A2F3 /* FitcastWidgetExtension */ = {
			isa = PBXNativeTarget;
			buildConfigurationList = D2C5937D2B234EAB0007A2F3 /* Build configuration list for PBXNativeTarget "FitcastWidgetExtension" */;
			buildPhases = (
				D2C593692B234EA90007A2F3 /* Sources */,
				D2C5936A2B234EA90007A2F3 /* Frameworks */,
				D2C5936B2B234EA90007A2F3 /* Resources */,
			);
			buildRules = (
			);
			dependencies = (
			);
			name = FitcastWidgetExtension;
			productName = FitcastWidgetExtension;
			productReference = D2C5936D2B234EA90007A2F3 /* FitcastWidgetExtension.appex */;
			productType = "com.apple.product-type.app-extension";
		};
/* End PBXNativeTarget section */

/* Begin PBXProject section */
		D20640B92ADE85A400CACFC6 /* Project object */ = {
			isa = PBXProject;
			attributes = {
				BuildIndependentTargetsInParallel = 1;
				LastSwiftUpdateCheck = 1500;
				LastUpgradeCheck = 1500;
				TargetAttributes = {
					D20640C02ADE85A400CACFC6 = {
						CreatedOnToolsVersion = 15.0;
					};
					D2C5936C2B234EA90007A2F3 = {
						CreatedOnToolsVersion = 15.0.1;
					};
				};
			};
			buildConfigurationList = D20640BC2ADE85A400CACFC6 /* Build configuration list for PBXProject "Fitcast" */;
			compatibilityVersion = "Xcode 14.0";
			developmentRegion = ko;
			hasScannedForEncodings = 0;
			knownRegions = (
				Base,
				ko,
			);
			mainGroup = D20640B82ADE85A400CACFC6;
			productRefGroup = D20640C22ADE85A400CACFC6 /* Products */;
			projectDirPath = "";
			projectRoot = "";
			targets = (
				D20640C02ADE85A400CACFC6 /* Fitcast */,
				D2C5936C2B234EA90007A2F3 /* FitcastWidgetExtension */,
			);
		};
/* End PBXProject section */

/* Begin PBXResourcesBuildPhase section */
		D20640BF2ADE85A400CACFC6 /* Resources */ = {
			isa = PBXResourcesBuildPhase;
			buildActionMask = 2147483647;
			files = (
				D20640CC2ADE85A600CACFC6 /* Preview Assets.xcassets in Resources */,
				D20640C92ADE85A600CACFC6 /* Assets.xcassets in Resources */,
			);
			runOnlyForDeploymentPostprocessing = 0;
		};
		D2C5936B2B234EA90007A2F3 /* Resources */ = {
			isa = PBXResourcesBuildPhase;
			buildActionMask = 2147483647;
			files = (
				D2C593782B234EAB0007A2F3 /* Assets.xcassets in Resources */,
			);
			runOnlyForDeploymentPostprocessing = 0;
		};
/* End PBXResourcesBuildPhase section */

/* Begin PBXSourcesBuildPhase section */
		D20640BD2ADE85A400CACFC6 /* Sources */ = {
			isa = PBXSourcesBuildPhase;
			buildActionMask = 2147483647;
			files = (
				D2458F0F2B723003001AAFEB /* ListView.swift in Sources */,
				D20640C72ADE85A400CACFC6 /* ContentView.swift in Sources */,
				D20640C52ADE85A400CACFC6 /* FitcastApp.swift in Sources */,
				D2B6A0012B946F9800192F53 /* LocationSearchService.swift in Sources */,
				D2C9C1142B494453002DDE8C /* SearchView.swift in Sources */,
				D28F345B2AEAA75A008BCEE3 /* FitcastManager.swift in Sources */,
				D282C9752B74DA980050CA36 /* FitcastLocation.swift in Sources */,
				D28F345D2AEAAB4B008BCEE3 /* ForecastInfo.swift in Sources */,
				D2E15B132B15F349002C609F /* extensions.swift in Sources */,
			);
			runOnlyForDeploymentPostprocessing = 0;
		};
		D2C593692B234EA90007A2F3 /* Sources */ = {
			isa = PBXSourcesBuildPhase;
			buildActionMask = 2147483647;
			files = (
				D2C593822B234F280007A2F3 /* extensions.swift in Sources */,
				D2C593742B234EA90007A2F3 /* FitcastWidget.swift in Sources */,
				D21A61972B8F376300343161 /* FitcastLocation.swift in Sources */,
				D2D9C2B72BD170B100AC8C24 /* WidgetLocationManager.swift in Sources */,
				D2C593722B234EA90007A2F3 /* FitcastWidgetBundle.swift in Sources */,
				D2C593762B234EA90007A2F3 /* AppIntent.swift in Sources */,
			);
			runOnlyForDeploymentPostprocessing = 0;
		};
/* End PBXSourcesBuildPhase section */

/* Begin PBXTargetDependency section */
		D2C5937B2B234EAB0007A2F3 /* PBXTargetDependency */ = {
			isa = PBXTargetDependency;
			target = D2C5936C2B234EA90007A2F3 /* FitcastWidgetExtension */;
			targetProxy = D2C5937A2B234EAB0007A2F3 /* PBXContainerItemProxy */;
		};
/* End PBXTargetDependency section */

/* Begin XCBuildConfiguration section */
		D20640CD2ADE85A600CACFC6 /* Debug */ = {
			isa = XCBuildConfiguration;
			buildSettings = {
				ALWAYS_SEARCH_USER_PATHS = NO;
				ASSETCATALOG_COMPILER_GENERATE_SWIFT_ASSET_SYMBOL_EXTENSIONS = YES;
				CLANG_ANALYZER_NONNULL = YES;
				CLANG_ANALYZER_NUMBER_OBJECT_CONVERSION = YES_AGGRESSIVE;
				CLANG_CXX_LANGUAGE_STANDARD = "gnu++20";
				CLANG_ENABLE_MODULES = YES;
				CLANG_ENABLE_OBJC_ARC = YES;
				CLANG_ENABLE_OBJC_WEAK = YES;
				CLANG_WARN_BLOCK_CAPTURE_AUTORELEASING = YES;
				CLANG_WARN_BOOL_CONVERSION = YES;
				CLANG_WARN_COMMA = YES;
				CLANG_WARN_CONSTANT_CONVERSION = YES;
				CLANG_WARN_DEPRECATED_OBJC_IMPLEMENTATIONS = YES;
				CLANG_WARN_DIRECT_OBJC_ISA_USAGE = YES_ERROR;
				CLANG_WARN_DOCUMENTATION_COMMENTS = YES;
				CLANG_WARN_EMPTY_BODY = YES;
				CLANG_WARN_ENUM_CONVERSION = YES;
				CLANG_WARN_INFINITE_RECURSION = YES;
				CLANG_WARN_INT_CONVERSION = YES;
				CLANG_WARN_NON_LITERAL_NULL_CONVERSION = YES;
				CLANG_WARN_OBJC_IMPLICIT_RETAIN_SELF = YES;
				CLANG_WARN_OBJC_LITERAL_CONVERSION = YES;
				CLANG_WARN_OBJC_ROOT_CLASS = YES_ERROR;
				CLANG_WARN_QUOTED_INCLUDE_IN_FRAMEWORK_HEADER = YES;
				CLANG_WARN_RANGE_LOOP_ANALYSIS = YES;
				CLANG_WARN_STRICT_PROTOTYPES = YES;
				CLANG_WARN_SUSPICIOUS_MOVE = YES;
				CLANG_WARN_UNGUARDED_AVAILABILITY = YES_AGGRESSIVE;
				CLANG_WARN_UNREACHABLE_CODE = YES;
				CLANG_WARN__DUPLICATE_METHOD_MATCH = YES;
				COPY_PHASE_STRIP = NO;
				DEBUG_INFORMATION_FORMAT = dwarf;
				ENABLE_STRICT_OBJC_MSGSEND = YES;
				ENABLE_TESTABILITY = YES;
				ENABLE_USER_SCRIPT_SANDBOXING = YES;
				GCC_C_LANGUAGE_STANDARD = gnu17;
				GCC_DYNAMIC_NO_PIC = NO;
				GCC_NO_COMMON_BLOCKS = YES;
				GCC_OPTIMIZATION_LEVEL = 0;
				GCC_PREPROCESSOR_DEFINITIONS = (
					"DEBUG=1",
					"$(inherited)",
				);
				GCC_WARN_64_TO_32_BIT_CONVERSION = YES;
				GCC_WARN_ABOUT_RETURN_TYPE = YES_ERROR;
				GCC_WARN_UNDECLARED_SELECTOR = YES;
				GCC_WARN_UNINITIALIZED_AUTOS = YES_AGGRESSIVE;
				GCC_WARN_UNUSED_FUNCTION = YES;
				GCC_WARN_UNUSED_VARIABLE = YES;
				IPHONEOS_DEPLOYMENT_TARGET = 17.0;
				LOCALIZATION_PREFERS_STRING_CATALOGS = YES;
				MTL_ENABLE_DEBUG_INFO = INCLUDE_SOURCE;
				MTL_FAST_MATH = YES;
				ONLY_ACTIVE_ARCH = YES;
				SDKROOT = iphoneos;
				SWIFT_ACTIVE_COMPILATION_CONDITIONS = "DEBUG $(inherited)";
				SWIFT_OPTIMIZATION_LEVEL = "-Onone";
			};
			name = Debug;
		};
		D20640CE2ADE85A600CACFC6 /* Release */ = {
			isa = XCBuildConfiguration;
			buildSettings = {
				ALWAYS_SEARCH_USER_PATHS = NO;
				ASSETCATALOG_COMPILER_GENERATE_SWIFT_ASSET_SYMBOL_EXTENSIONS = YES;
				CLANG_ANALYZER_NONNULL = YES;
				CLANG_ANALYZER_NUMBER_OBJECT_CONVERSION = YES_AGGRESSIVE;
				CLANG_CXX_LANGUAGE_STANDARD = "gnu++20";
				CLANG_ENABLE_MODULES = YES;
				CLANG_ENABLE_OBJC_ARC = YES;
				CLANG_ENABLE_OBJC_WEAK = YES;
				CLANG_WARN_BLOCK_CAPTURE_AUTORELEASING = YES;
				CLANG_WARN_BOOL_CONVERSION = YES;
				CLANG_WARN_COMMA = YES;
				CLANG_WARN_CONSTANT_CONVERSION = YES;
				CLANG_WARN_DEPRECATED_OBJC_IMPLEMENTATIONS = YES;
				CLANG_WARN_DIRECT_OBJC_ISA_USAGE = YES_ERROR;
				CLANG_WARN_DOCUMENTATION_COMMENTS = YES;
				CLANG_WARN_EMPTY_BODY = YES;
				CLANG_WARN_ENUM_CONVERSION = YES;
				CLANG_WARN_INFINITE_RECURSION = YES;
				CLANG_WARN_INT_CONVERSION = YES;
				CLANG_WARN_NON_LITERAL_NULL_CONVERSION = YES;
				CLANG_WARN_OBJC_IMPLICIT_RETAIN_SELF = YES;
				CLANG_WARN_OBJC_LITERAL_CONVERSION = YES;
				CLANG_WARN_OBJC_ROOT_CLASS = YES_ERROR;
				CLANG_WARN_QUOTED_INCLUDE_IN_FRAMEWORK_HEADER = YES;
				CLANG_WARN_RANGE_LOOP_ANALYSIS = YES;
				CLANG_WARN_STRICT_PROTOTYPES = YES;
				CLANG_WARN_SUSPICIOUS_MOVE = YES;
				CLANG_WARN_UNGUARDED_AVAILABILITY = YES_AGGRESSIVE;
				CLANG_WARN_UNREACHABLE_CODE = YES;
				CLANG_WARN__DUPLICATE_METHOD_MATCH = YES;
				COPY_PHASE_STRIP = NO;
				DEBUG_INFORMATION_FORMAT = "dwarf-with-dsym";
				ENABLE_NS_ASSERTIONS = NO;
				ENABLE_STRICT_OBJC_MSGSEND = YES;
				ENABLE_USER_SCRIPT_SANDBOXING = YES;
				GCC_C_LANGUAGE_STANDARD = gnu17;
				GCC_NO_COMMON_BLOCKS = YES;
				GCC_WARN_64_TO_32_BIT_CONVERSION = YES;
				GCC_WARN_ABOUT_RETURN_TYPE = YES_ERROR;
				GCC_WARN_UNDECLARED_SELECTOR = YES;
				GCC_WARN_UNINITIALIZED_AUTOS = YES_AGGRESSIVE;
				GCC_WARN_UNUSED_FUNCTION = YES;
				GCC_WARN_UNUSED_VARIABLE = YES;
				IPHONEOS_DEPLOYMENT_TARGET = 17.0;
				LOCALIZATION_PREFERS_STRING_CATALOGS = YES;
				MTL_ENABLE_DEBUG_INFO = NO;
				MTL_FAST_MATH = YES;
				SDKROOT = iphoneos;
				SWIFT_COMPILATION_MODE = wholemodule;
				VALIDATE_PRODUCT = YES;
			};
			name = Release;
		};
		D20640D02ADE85A600CACFC6 /* Debug */ = {
			isa = XCBuildConfiguration;
			buildSettings = {
				ALWAYS_EMBED_SWIFT_STANDARD_LIBRARIES = YES;
				ASSETCATALOG_COMPILER_APPICON_NAME = AppIcon;
				ASSETCATALOG_COMPILER_GLOBAL_ACCENT_COLOR_NAME = AccentColor;
				CODE_SIGN_ENTITLEMENTS = Fitcast/Fitcast.entitlements;
				CODE_SIGN_IDENTITY = "Apple Development";
				CODE_SIGN_STYLE = Automatic;
				CURRENT_PROJECT_VERSION = 1;
				DEVELOPMENT_ASSET_PATHS = "Fitcast/Preview\\ Content";
				DEVELOPMENT_TEAM = 2GY4XTB4R5;
				ENABLE_PREVIEWS = YES;
				GENERATE_INFOPLIST_FILE = YES;
				INFOPLIST_FILE = Fitcast/Info.plist;
				INFOPLIST_KEY_CFBundleDisplayName = Fitcast;
				INFOPLIST_KEY_LSApplicationCategoryType = "public.app-category.weather";
				INFOPLIST_KEY_NSLocationWhenInUseUsageDescription = "사용자 위치의 기상 정보를 표시합니다.";
				INFOPLIST_KEY_UIApplicationSceneManifest_Generation = YES;
				INFOPLIST_KEY_UIApplicationSupportsIndirectInputEvents = YES;
				INFOPLIST_KEY_UIStatusBarStyle = UIStatusBarStyleLightContent;
				INFOPLIST_KEY_UISupportedInterfaceOrientations = "UIInterfaceOrientationPortrait UIInterfaceOrientationPortraitUpsideDown";
				INFOPLIST_KEY_UISupportedInterfaceOrientations_iPad = "UIInterfaceOrientationLandscapeLeft UIInterfaceOrientationLandscapeRight UIInterfaceOrientationPortrait UIInterfaceOrientationPortraitUpsideDown";
				LD_RUNPATH_SEARCH_PATHS = (
					"$(inherited)",
					"@executable_path/Frameworks",
				);
				MARKETING_VERSION = 1.1;
				PRODUCT_BUNDLE_IDENTIFIER = com.hyun.Fitcast;
				PRODUCT_NAME = "$(TARGET_NAME)";
				PROVISIONING_PROFILE_SPECIFIER = "";
				SUPPORTED_PLATFORMS = "iphoneos iphonesimulator";
				SUPPORTS_MACCATALYST = NO;
				SUPPORTS_MAC_DESIGNED_FOR_IPHONE_IPAD = NO;
				SUPPORTS_XR_DESIGNED_FOR_IPHONE_IPAD = NO;
				SWIFT_EMIT_LOC_STRINGS = YES;
				SWIFT_VERSION = 5.0;
				TARGETED_DEVICE_FAMILY = 1;
			};
			name = Debug;
		};
		D20640D12ADE85A600CACFC6 /* Release */ = {
			isa = XCBuildConfiguration;
			buildSettings = {
				ALWAYS_EMBED_SWIFT_STANDARD_LIBRARIES = YES;
				ASSETCATALOG_COMPILER_APPICON_NAME = AppIcon;
				ASSETCATALOG_COMPILER_GLOBAL_ACCENT_COLOR_NAME = AccentColor;
				CODE_SIGN_ENTITLEMENTS = Fitcast/Fitcast.entitlements;
				CODE_SIGN_IDENTITY = "Apple Development";
				CODE_SIGN_STYLE = Automatic;
				CURRENT_PROJECT_VERSION = 1;
				DEVELOPMENT_ASSET_PATHS = "Fitcast/Preview\\ Content";
				DEVELOPMENT_TEAM = 2GY4XTB4R5;
				ENABLE_PREVIEWS = YES;
				GENERATE_INFOPLIST_FILE = YES;
				INFOPLIST_FILE = Fitcast/Info.plist;
				INFOPLIST_KEY_CFBundleDisplayName = Fitcast;
				INFOPLIST_KEY_LSApplicationCategoryType = "public.app-category.weather";
				INFOPLIST_KEY_NSLocationWhenInUseUsageDescription = "사용자 위치의 기상 정보를 표시합니다.";
				INFOPLIST_KEY_UIApplicationSceneManifest_Generation = YES;
				INFOPLIST_KEY_UIApplicationSupportsIndirectInputEvents = YES;
				INFOPLIST_KEY_UIStatusBarStyle = UIStatusBarStyleLightContent;
				INFOPLIST_KEY_UISupportedInterfaceOrientations = "UIInterfaceOrientationPortrait UIInterfaceOrientationPortraitUpsideDown";
				INFOPLIST_KEY_UISupportedInterfaceOrientations_iPad = "UIInterfaceOrientationLandscapeLeft UIInterfaceOrientationLandscapeRight UIInterfaceOrientationPortrait UIInterfaceOrientationPortraitUpsideDown";
				LD_RUNPATH_SEARCH_PATHS = (
					"$(inherited)",
					"@executable_path/Frameworks",
				);
				MARKETING_VERSION = 1.1;
				PRODUCT_BUNDLE_IDENTIFIER = com.hyun.Fitcast;
				PRODUCT_NAME = "$(TARGET_NAME)";
				PROVISIONING_PROFILE_SPECIFIER = "";
				SUPPORTED_PLATFORMS = "iphoneos iphonesimulator";
				SUPPORTS_MACCATALYST = NO;
				SUPPORTS_MAC_DESIGNED_FOR_IPHONE_IPAD = NO;
				SUPPORTS_XR_DESIGNED_FOR_IPHONE_IPAD = NO;
				SWIFT_EMIT_LOC_STRINGS = YES;
				SWIFT_VERSION = 5.0;
				TARGETED_DEVICE_FAMILY = 1;
			};
			name = Release;
		};
		D2C5937E2B234EAB0007A2F3 /* Debug */ = {
			isa = XCBuildConfiguration;
			buildSettings = {
				ASSETCATALOG_COMPILER_GLOBAL_ACCENT_COLOR_NAME = AccentColor;
				ASSETCATALOG_COMPILER_WIDGET_BACKGROUND_COLOR_NAME = WidgetBackground;
				CODE_SIGN_ENTITLEMENTS = FitcastWidgetExtension.entitlements;
				CODE_SIGN_IDENTITY = "Apple Development";
				CODE_SIGN_STYLE = Automatic;
				CURRENT_PROJECT_VERSION = 1;
				DEVELOPMENT_ASSET_PATHS = "";
				DEVELOPMENT_TEAM = 2GY4XTB4R5;
				GENERATE_INFOPLIST_FILE = YES;
				INFOPLIST_FILE = FitcastWidget/Info.plist;
				INFOPLIST_KEY_CFBundleDisplayName = FitcastWidget;
				INFOPLIST_KEY_NSHumanReadableCopyright = "";
				LD_RUNPATH_SEARCH_PATHS = (
					"$(inherited)",
					"@executable_path/Frameworks",
					"@executable_path/../../Frameworks",
				);
				MARKETING_VERSION = 1.0;
				PRODUCT_BUNDLE_IDENTIFIER = com.hyun.Fitcast.FitcastWidget;
				PRODUCT_NAME = "$(TARGET_NAME)";
				PROVISIONING_PROFILE_SPECIFIER = "";
				SKIP_INSTALL = YES;
				SUPPORTED_PLATFORMS = "iphoneos iphonesimulator";
				SUPPORTS_MACCATALYST = NO;
				SUPPORTS_MAC_DESIGNED_FOR_IPHONE_IPAD = NO;
				SWIFT_EMIT_LOC_STRINGS = YES;
				SWIFT_VERSION = 5.0;
				TARGETED_DEVICE_FAMILY = 1;
			};
			name = Debug;
		};
		D2C5937F2B234EAB0007A2F3 /* Release */ = {
			isa = XCBuildConfiguration;
			buildSettings = {
				ASSETCATALOG_COMPILER_GLOBAL_ACCENT_COLOR_NAME = AccentColor;
				ASSETCATALOG_COMPILER_WIDGET_BACKGROUND_COLOR_NAME = WidgetBackground;
				CODE_SIGN_ENTITLEMENTS = FitcastWidgetExtension.entitlements;
				CODE_SIGN_IDENTITY = "Apple Development";
				CODE_SIGN_STYLE = Automatic;
				CURRENT_PROJECT_VERSION = 1;
				DEVELOPMENT_ASSET_PATHS = "";
				DEVELOPMENT_TEAM = 2GY4XTB4R5;
				GENERATE_INFOPLIST_FILE = YES;
				INFOPLIST_FILE = FitcastWidget/Info.plist;
				INFOPLIST_KEY_CFBundleDisplayName = FitcastWidget;
				INFOPLIST_KEY_NSHumanReadableCopyright = "";
				LD_RUNPATH_SEARCH_PATHS = (
					"$(inherited)",
					"@executable_path/Frameworks",
					"@executable_path/../../Frameworks",
				);
				MARKETING_VERSION = 1.0;
				PRODUCT_BUNDLE_IDENTIFIER = com.hyun.Fitcast.FitcastWidget;
				PRODUCT_NAME = "$(TARGET_NAME)";
				PROVISIONING_PROFILE_SPECIFIER = "";
				SKIP_INSTALL = YES;
				SUPPORTED_PLATFORMS = "iphoneos iphonesimulator";
				SUPPORTS_MACCATALYST = NO;
				SUPPORTS_MAC_DESIGNED_FOR_IPHONE_IPAD = NO;
				SWIFT_EMIT_LOC_STRINGS = YES;
				SWIFT_VERSION = 5.0;
				TARGETED_DEVICE_FAMILY = 1;
			};
			name = Release;
		};
/* End XCBuildConfiguration section */

/* Begin XCConfigurationList section */
		D20640BC2ADE85A400CACFC6 /* Build configuration list for PBXProject "Fitcast" */ = {
			isa = XCConfigurationList;
			buildConfigurations = (
				D20640CD2ADE85A600CACFC6 /* Debug */,
				D20640CE2ADE85A600CACFC6 /* Release */,
			);
			defaultConfigurationIsVisible = 0;
			defaultConfigurationName = Release;
		};
		D20640CF2ADE85A600CACFC6 /* Build configuration list for PBXNativeTarget "Fitcast" */ = {
			isa = XCConfigurationList;
			buildConfigurations = (
				D20640D02ADE85A600CACFC6 /* Debug */,
				D20640D12ADE85A600CACFC6 /* Release */,
			);
			defaultConfigurationIsVisible = 0;
			defaultConfigurationName = Release;
		};
		D2C5937D2B234EAB0007A2F3 /* Build configuration list for PBXNativeTarget "FitcastWidgetExtension" */ = {
			isa = XCConfigurationList;
			buildConfigurations = (
				D2C5937E2B234EAB0007A2F3 /* Debug */,
				D2C5937F2B234EAB0007A2F3 /* Release */,
			);
			defaultConfigurationIsVisible = 0;
			defaultConfigurationName = Release;
		};
/* End XCConfigurationList section */
	};
	rootObject = D20640B92ADE85A400CACFC6 /* Project object */;
}
